{
  "name": "scss-layout",
  "version": "1.0.0",
  "lockfileVersion": 2,
  "requires": true,
  "packages": {
    "": {
      "name": "scss-layout",
      "version": "1.0.0",
      "license": "MIT",
      "dependencies": {
        "scss-layout": "^1.0.0"
      }
    },
    "node_modules/scss-layout": {
      "version": "1.0.0",
      "resolved": "https://registry.npmjs.org/scss-layout/-/scss-layout-1.0.0.tgz",
      "integrity": "sha512-ovfNVNmdREGQ4oudPtGLPPt5GEhZQHxrQKdogKwRp26qfxkDp9mtcRVf1lNXAVM8mFEBKtK7ZsirS1B3M/b5bw==",
      "dependencies": {
        "scss-layout": "^1.0.0"
      }
    }
  },
  "dependencies": {
    "scss-layout": {
      "version": "1.0.0",
      "resolved": "https://registry.npmjs.org/scss-layout/-/scss-layout-1.0.0.tgz",
      "integrity": "sha512-ovfNVNmdREGQ4oudPtGLPPt5GEhZQHxrQKdogKwRp26qfxkDp9mtcRVf1lNXAVM8mFEBKtK7ZsirS1B3M/b5bw==",
      "requires": {
        "scss-layout": "^1.0.0"
      }
    }
  }
}
