{
  "name": "scss-layout",
  "version": "0.2.1",
  "lockfileVersion": 2,
  "requires": true,
  "packages": {
    "": {
      "name": "scss-layout",
      "version": "0.2.1",
      "license": "MIT",
      "dependencies": {
        "scss-layout": "^0.2.1"
      }
    },
    "node_modules/scss-layout": {
      "version": "0.2.1",
      "resolved": "https://registry.npmjs.org/scss-layout/-/scss-layout-0.2.1.tgz",
      "integrity": "sha512-qR06/yWXxVVL0gHKp3JgrbfJE4o7MwAagNPZBHa6YCAawuqoJrH2+CG/J8+C4+aKinzV61SULZC35h7GTTbR3A=="
    }
  },
  "dependencies": {
    "scss-layout": {
      "version": "0.2.1",
      "resolved": "https://registry.npmjs.org/scss-layout/-/scss-layout-0.2.1.tgz",
      "integrity": "sha512-qR06/yWXxVVL0gHKp3JgrbfJE4o7MwAagNPZBHa6YCAawuqoJrH2+CG/J8+C4+aKinzV61SULZC35h7GTTbR3A=="
    }
  }
}
